{
    "_meta": {
        "hash": {
            "sha256": "ef8d188e58d2c0ad1ff891e5b9f4d93d88e5c7ef7abe1ad1fe4e2281a6e03633"
        },
        "pipfile-spec": 6,
        "requires": {
            "python_full_version": "3.11.4",
            "python_version": "3.11"
        },
        "sources": [
            {
                "name": "pypi",
                "url": "https://pypi.org/simple",
                "verify_ssl": true
            }
        ]
    },
    "default": {},
    "develop": {}
}
